
Microsoft Visual Studio Solution File, Format Version 12.00
# Visual Studio Version 16
VisualStudioVersion = 16.0.31911.196
MinimumVisualStudioVersion = 10.0.40219.1
Project("{9A19103F-16F7-4668-BE54-9A1E7A4F7556}") = "ECom.Core", "Ecom.Core\ECom.Core.csproj", "{33ABA611-4CF9-4E0C-A8AB-FDC54DBF6262}"
EndProject
Project("{2150E333-8FDC-42A3-9474-1A3956D46DE8}") = "solution items", "solution items", "{DACBB4D9-FB1B-4670-B4F0-7EF437F1EFB1}"
	ProjectSection(SolutionItems) = preProject
		ECom.postman_collection.json = ECom.postman_collection.json
		README.md = README.md
	EndProjectSection
EndProject
Project("{9A19103F-16F7-4668-BE54-9A1E7A4F7556}") = "ECom.Web", "ECom.Web\ECom.Web.csproj", "{2C5CEE63-C787-4565-B881-0DFB2C72F125}"
EndProject
Project("{9A19103F-16F7-4668-BE54-9A1E7A4F7556}") = "DataTable", "DataTable\DataTable.csproj", "{307C8E6C-F6FF-45ED-BE46-8618E1C81658}"
EndProject
Global
	GlobalSection(SolutionConfigurationPlatforms) = preSolution
		Debug|Any CPU = Debug|Any CPU
		Release|Any CPU = Release|Any CPU
	EndGlobalSection
	GlobalSection(ProjectConfigurationPlatforms) = postSolution
		{33ABA611-4CF9-4E0C-A8AB-FDC54DBF6262}.Debug|Any CPU.ActiveCfg = Debug|Any CPU
		{33ABA611-4CF9-4E0C-A8AB-FDC54DBF6262}.Debug|Any CPU.Build.0 = Debug|Any CPU
		{33ABA611-4CF9-4E0C-A8AB-FDC54DBF6262}.Release|Any CPU.ActiveCfg = Release|Any CPU
		{33ABA611-4CF9-4E0C-A8AB-FDC54DBF6262}.Release|Any CPU.Build.0 = Release|Any CPU
		{2C5CEE63-C787-4565-B881-0DFB2C72F125}.Debug|Any CPU.ActiveCfg = Debug|Any CPU
		{2C5CEE63-C787-4565-B881-0DFB2C72F125}.Debug|Any CPU.Build.0 = Debug|Any CPU
		{2C5CEE63-C787-4565-B881-0DFB2C72F125}.Release|Any CPU.ActiveCfg = Release|Any CPU
		{2C5CEE63-C787-4565-B881-0DFB2C72F125}.Release|Any CPU.Build.0 = Release|Any CPU
		{307C8E6C-F6FF-45ED-BE46-8618E1C81658}.Debug|Any CPU.ActiveCfg = Debug|Any CPU
		{307C8E6C-F6FF-45ED-BE46-8618E1C81658}.Debug|Any CPU.Build.0 = Debug|Any CPU
		{307C8E6C-F6FF-45ED-BE46-8618E1C81658}.Release|Any CPU.ActiveCfg = Release|Any CPU
		{307C8E6C-F6FF-45ED-BE46-8618E1C81658}.Release|Any CPU.Build.0 = Release|Any CPU
	EndGlobalSection
	GlobalSection(SolutionProperties) = preSolution
		HideSolutionNode = FALSE
	EndGlobalSection
	GlobalSection(ExtensibilityGlobals) = postSolution
		SolutionGuid = {77CF027B-59D7-4910-9CF3-1F24FDC3463C}
	EndGlobalSection
EndGlobal
